
Microsoft Visual Studio Solution File, Format Version 12.00
# Visual Studio 15
VisualStudioVersion = 15.0.28307.106
MinimumVisualStudioVersion = 10.0.40219.1
Project("{FAE04EC0-301F-11D3-BF4B-00C04F79EFBC}") = "Practica4Problema3", "Practica4Problema3\Practica4Problema3.csproj", "{4754E07C-4663-4827-84D8-0F324D75CD17}"
EndProject
Global
	GlobalSection(SolutionConfigurationPlatforms) = preSolution
		Debug|Any CPU = Debug|Any CPU
		Release|Any CPU = Release|Any CPU
	EndGlobalSection
	GlobalSection(ProjectConfigurationPlatforms) = postSolution
		{4754E07C-4663-4827-84D8-0F324D75CD17}.Debug|Any CPU.ActiveCfg = Debug|Any CPU
		{4754E07C-4663-4827-84D8-0F324D75CD17}.Debug|Any CPU.Build.0 = Debug|Any CPU
		{4754E07C-4663-4827-84D8-0F324D75CD17}.Release|Any CPU.ActiveCfg = Release|Any CPU
		{4754E07C-4663-4827-84D8-0F324D75CD17}.Release|Any CPU.Build.0 = Release|Any CPU
	EndGlobalSection
	GlobalSection(SolutionProperties) = preSolution
		HideSolutionNode = FALSE
	EndGlobalSection
	GlobalSection(ExtensibilityGlobals) = postSolution
		SolutionGuid = {ACD3CFC1-B5F4-4CDC-9972-7B90A18A1C76}
	EndGlobalSection
EndGlobal
