
Microsoft Visual Studio Solution File, Format Version 12.00
# Visual Studio 15
VisualStudioVersion = 15.0.28307.106
MinimumVisualStudioVersion = 10.0.40219.1
Project("{FAE04EC0-301F-11D3-BF4B-00C04F79EFBC}") = "Practica4Problema1", "Practica4Problema1\Practica4Problema1.csproj", "{AFBB1B83-1A1C-485D-BBF3-B3EC34421F70}"
EndProject
Global
	GlobalSection(SolutionConfigurationPlatforms) = preSolution
		Debug|Any CPU = Debug|Any CPU
		Release|Any CPU = Release|Any CPU
	EndGlobalSection
	GlobalSection(ProjectConfigurationPlatforms) = postSolution
		{AFBB1B83-1A1C-485D-BBF3-B3EC34421F70}.Debug|Any CPU.ActiveCfg = Debug|Any CPU
		{AFBB1B83-1A1C-485D-BBF3-B3EC34421F70}.Debug|Any CPU.Build.0 = Debug|Any CPU
		{AFBB1B83-1A1C-485D-BBF3-B3EC34421F70}.Release|Any CPU.ActiveCfg = Release|Any CPU
		{AFBB1B83-1A1C-485D-BBF3-B3EC34421F70}.Release|Any CPU.Build.0 = Release|Any CPU
	EndGlobalSection
	GlobalSection(SolutionProperties) = preSolution
		HideSolutionNode = FALSE
	EndGlobalSection
	GlobalSection(ExtensibilityGlobals) = postSolution
		SolutionGuid = {F107FCEF-D2E2-40E5-AB70-468BCD1E0C00}
	EndGlobalSection
EndGlobal
